
Microsoft Visual Studio Solution File, Format Version 12.00
# Visual Studio Version 17
VisualStudioVersion = 17.0.31808.319
MinimumVisualStudioVersion = 10.0.40219.1
Project("{FAE04EC0-301F-11D3-BF4B-00C04F79EFBC}") = "skidka", "skidka\skidka.csproj", "{79A2A2D9-47F4-418F-95EB-A0820B71CE39}"
EndProject
Global
	GlobalSection(SolutionConfigurationPlatforms) = preSolution
		Debug|Any CPU = Debug|Any CPU
		Release|Any CPU = Release|Any CPU
	EndGlobalSection
	GlobalSection(ProjectConfigurationPlatforms) = postSolution
		{79A2A2D9-47F4-418F-95EB-A0820B71CE39}.Debug|Any CPU.ActiveCfg = Debug|Any CPU
		{79A2A2D9-47F4-418F-95EB-A0820B71CE39}.Debug|Any CPU.Build.0 = Debug|Any CPU
		{79A2A2D9-47F4-418F-95EB-A0820B71CE39}.Release|Any CPU.ActiveCfg = Release|Any CPU
		{79A2A2D9-47F4-418F-95EB-A0820B71CE39}.Release|Any CPU.Build.0 = Release|Any CPU
	EndGlobalSection
	GlobalSection(SolutionProperties) = preSolution
		HideSolutionNode = FALSE
	EndGlobalSection
	GlobalSection(ExtensibilityGlobals) = postSolution
		SolutionGuid = {57B042A0-147A-49A9-A97E-B44F39D40971}
	EndGlobalSection
EndGlobal
